
Microsoft Visual Studio Solution File, Format Version 12.00
# Visual Studio Version 17
VisualStudioVersion = 17.7.34031.279
MinimumVisualStudioVersion = 10.0.40219.1
Project("{FAE04EC0-301F-11D3-BF4B-00C04F79EFBC}") = "zadacha_11_ShamilovaHayala", "zadacha_11_ShamilovaHayala\zadacha_11_ShamilovaHayala.csproj", "{B0EBE04E-8FBD-43AC-B07E-7395703D3971}"
EndProject
Global
	GlobalSection(SolutionConfigurationPlatforms) = preSolution
		Debug|Any CPU = Debug|Any CPU
		Release|Any CPU = Release|Any CPU
	EndGlobalSection
	GlobalSection(ProjectConfigurationPlatforms) = postSolution
		{B0EBE04E-8FBD-43AC-B07E-7395703D3971}.Debug|Any CPU.ActiveCfg = Debug|Any CPU
		{B0EBE04E-8FBD-43AC-B07E-7395703D3971}.Debug|Any CPU.Build.0 = Debug|Any CPU
		{B0EBE04E-8FBD-43AC-B07E-7395703D3971}.Release|Any CPU.ActiveCfg = Release|Any CPU
		{B0EBE04E-8FBD-43AC-B07E-7395703D3971}.Release|Any CPU.Build.0 = Release|Any CPU
	EndGlobalSection
	GlobalSection(SolutionProperties) = preSolution
		HideSolutionNode = FALSE
	EndGlobalSection
	GlobalSection(ExtensibilityGlobals) = postSolution
		SolutionGuid = {623E377D-18BB-419B-B241-E9ECF0D0B9D7}
	EndGlobalSection
EndGlobal
